
Microsoft Visual Studio Solution File, Format Version 12.00
# Visual Studio 14
VisualStudioVersion = 14.0.25420.1
MinimumVisualStudioVersion = 10.0.40219.1
Project("{FAE04EC0-301F-11D3-BF4B-00C04F79EFBC}") = "AutoPromptDemo", "AutoPromptDemo\AutoPromptDemo.csproj", "{A274AD87-E74B-4227-A267-3C0C35AB2C7C}"
EndProject
Project("{FAE04EC0-301F-11D3-BF4B-00C04F79EFBC}") = "AutoPrompt", "AutoPrompt\AutoPrompt.csproj", "{F773D96A-7FEE-45E0-BE6E-AF55B8F3F7DD}"
EndProject
Global
	GlobalSection(SolutionConfigurationPlatforms) = preSolution
		Debug|Any CPU = Debug|Any CPU
		Release|Any CPU = Release|Any CPU
	EndGlobalSection
	GlobalSection(ProjectConfigurationPlatforms) = postSolution
		{A274AD87-E74B-4227-A267-3C0C35AB2C7C}.Debug|Any CPU.ActiveCfg = Debug|Any CPU
		{A274AD87-E74B-4227-A267-3C0C35AB2C7C}.Debug|Any CPU.Build.0 = Debug|Any CPU
		{A274AD87-E74B-4227-A267-3C0C35AB2C7C}.Release|Any CPU.ActiveCfg = Release|Any CPU
		{A274AD87-E74B-4227-A267-3C0C35AB2C7C}.Release|Any CPU.Build.0 = Release|Any CPU
		{F773D96A-7FEE-45E0-BE6E-AF55B8F3F7DD}.Debug|Any CPU.ActiveCfg = Debug|Any CPU
		{F773D96A-7FEE-45E0-BE6E-AF55B8F3F7DD}.Debug|Any CPU.Build.0 = Debug|Any CPU
		{F773D96A-7FEE-45E0-BE6E-AF55B8F3F7DD}.Release|Any CPU.ActiveCfg = Release|Any CPU
		{F773D96A-7FEE-45E0-BE6E-AF55B8F3F7DD}.Release|Any CPU.Build.0 = Release|Any CPU
	EndGlobalSection
	GlobalSection(SolutionProperties) = preSolution
		HideSolutionNode = FALSE
	EndGlobalSection
EndGlobal
